
Microsoft Visual Studio Solution File, Format Version 12.00
# Visual Studio Version 17
VisualStudioVersion = 17.5.002.0
MinimumVisualStudioVersion = 10.0.40219.1
Project("{FAE04EC0-301F-11D3-BF4B-00C04F79EFBC}") = "Jokes", "Jokes\Jokes.csproj", "{D724799F-2483-44D8-A7ED-DA5735CC2116}"
EndProject
Global
	GlobalSection(SolutionConfigurationPlatforms) = preSolution
		Debug|Any CPU = Debug|Any CPU
		Release|Any CPU = Release|Any CPU
	EndGlobalSection
	GlobalSection(ProjectConfigurationPlatforms) = postSolution
		{D724799F-2483-44D8-A7ED-DA5735CC2116}.Debug|Any CPU.ActiveCfg = Debug|Any CPU
		{D724799F-2483-44D8-A7ED-DA5735CC2116}.Debug|Any CPU.Build.0 = Debug|Any CPU
		{D724799F-2483-44D8-A7ED-DA5735CC2116}.Release|Any CPU.ActiveCfg = Release|Any CPU
		{D724799F-2483-44D8-A7ED-DA5735CC2116}.Release|Any CPU.Build.0 = Release|Any CPU
	EndGlobalSection
	GlobalSection(SolutionProperties) = preSolution
		HideSolutionNode = FALSE
	EndGlobalSection
	GlobalSection(ExtensibilityGlobals) = postSolution
		SolutionGuid = {D6836890-C9B4-4B55-AD5E-E26EB2780B0F}
	EndGlobalSection
EndGlobal
